
Microsoft Visual Studio Solution File, Format Version 12.00
# Visual Studio Version 16
VisualStudioVersion = 16.0.30225.117
MinimumVisualStudioVersion = 10.0.40219.1
Project("{FAE04EC0-301F-11D3-BF4B-00C04F79EFBC}") = "justChinksOfficial", "BuyABit\BuyABit.csproj", "{96605897-096A-4D4F-92F3-D48165849664}"
EndProject
Global
	GlobalSection(SolutionConfigurationPlatforms) = preSolution
		Debug|Any CPU = Debug|Any CPU
		Release|Any CPU = Release|Any CPU
	EndGlobalSection
	GlobalSection(ProjectConfigurationPlatforms) = postSolution
		{96605897-096A-4D4F-92F3-D48165849664}.Debug|Any CPU.ActiveCfg = Debug|Any CPU
		{96605897-096A-4D4F-92F3-D48165849664}.Debug|Any CPU.Build.0 = Debug|Any CPU
		{96605897-096A-4D4F-92F3-D48165849664}.Release|Any CPU.ActiveCfg = Release|Any CPU
		{96605897-096A-4D4F-92F3-D48165849664}.Release|Any CPU.Build.0 = Release|Any CPU
	EndGlobalSection
	GlobalSection(SolutionProperties) = preSolution
		HideSolutionNode = FALSE
	EndGlobalSection
	GlobalSection(ExtensibilityGlobals) = postSolution
		SolutionGuid = {2FE7D57A-1633-4A07-89E6-14254B43EE52}
	EndGlobalSection
EndGlobal
